// !$*UTF8*$!
{
	archiveVersion = 1;
	classes = {
	};
	objectVersion = 55;
	objects = {

/* Begin PBXBuildFile section */
		B146D76D2A79550500947873 /* SneakerCollectionViewCell.swift in Sources */ = {isa = PBXBuildFile; fileRef = B146D76C2A79550500947873 /* SneakerCollectionViewCell.swift */; };
		B146D76F2A79846B00947873 /* SneakerDetailViewController.swift in Sources */ = {isa = PBXBuildFile; fileRef = B146D76E2A79846B00947873 /* SneakerDetailViewController.swift */; };
		B15616D52A7A4FE400FA71F4 /* RandomSneakerCollectionViewCell.swift in Sources */ = {isa = PBXBuildFile; fileRef = B15616D42A7A4FE400FA71F4 /* RandomSneakerCollectionViewCell.swift */; };
		B15DB4122A72CCAB00F27FDA /* HomeViewController.swift in Sources */ = {isa = PBXBuildFile; fileRef = B15DB4112A72CCAB00F27FDA /* HomeViewController.swift */; };
		B15DB4182A72CD2900F27FDA /* ProfileViewController.swift in Sources */ = {isa = PBXBuildFile; fileRef = B15DB4172A72CD2900F27FDA /* ProfileViewController.swift */; };
		B1C06D7C2A82B20E000EBB37 /* ProductCollectionViewCell.swift in Sources */ = {isa = PBXBuildFile; fileRef = B1C06D7B2A82B20E000EBB37 /* ProductCollectionViewCell.swift */; };
		B1C661AF2A77E5C600D0C56B /* SneakersAPI.json in Resources */ = {isa = PBXBuildFile; fileRef = B1C661AE2A77E5C600D0C56B /* SneakersAPI.json */; };
		B1C661B12A77E76E00D0C56B /* Sneaker.swift in Sources */ = {isa = PBXBuildFile; fileRef = B1C661B02A77E76E00D0C56B /* Sneaker.swift */; };
		B1C661B72A78127300D0C56B /* Crypto in Frameworks */ = {isa = PBXBuildFile; productRef = B1C661B62A78127300D0C56B /* Crypto */; };
		B1CA99DC2A711480001A2C75 /* AppDelegate.swift in Sources */ = {isa = PBXBuildFile; fileRef = B1CA99DB2A711480001A2C75 /* AppDelegate.swift */; };
		B1CA99DE2A711480001A2C75 /* SceneDelegate.swift in Sources */ = {isa = PBXBuildFile; fileRef = B1CA99DD2A711480001A2C75 /* SceneDelegate.swift */; };
		B1CA99E32A711480001A2C75 /* Main.storyboard in Resources */ = {isa = PBXBuildFile; fileRef = B1CA99E12A711480001A2C75 /* Main.storyboard */; };
		B1CA99E52A711483001A2C75 /* Assets.xcassets in Resources */ = {isa = PBXBuildFile; fileRef = B1CA99E42A711483001A2C75 /* Assets.xcassets */; };
		B1CA99E82A711483001A2C75 /* LaunchScreen.storyboard in Resources */ = {isa = PBXBuildFile; fileRef = B1CA99E62A711483001A2C75 /* LaunchScreen.storyboard */; };
		B1EFC9752A7AC97C0092C876 /* CartViewController.swift in Sources */ = {isa = PBXBuildFile; fileRef = B1EFC9742A7AC97C0092C876 /* CartViewController.swift */; };
		B1EFC9782A7AC9FF0092C876 /* AllProductsViewController.swift in Sources */ = {isa = PBXBuildFile; fileRef = B1EFC9772A7AC9FF0092C876 /* AllProductsViewController.swift */; };
/* End PBXBuildFile section */

/* Begin PBXFileReference section */
		B10CD3052A89416900B99CA8 /* Bricks'nKicks Store.app */ = {isa = PBXFileReference; explicitFileType = wrapper.application; includeInIndex = 0; name = "Bricks'nKicks Store.app"; path = "/Users/stanciprian/Desktop/Bricks'nKicks Store/build/Debug-iphoneos/Bricks'nKicks Store.app"; sourceTree = "<absolute>"; };
		B146D76C2A79550500947873 /* SneakerCollectionViewCell.swift */ = {isa = PBXFileReference; lastKnownFileType = sourcecode.swift; path = SneakerCollectionViewCell.swift; sourceTree = "<group>"; };
		B146D76E2A79846B00947873 /* SneakerDetailViewController.swift */ = {isa = PBXFileReference; lastKnownFileType = sourcecode.swift; path = SneakerDetailViewController.swift; sourceTree = "<group>"; };
		B15616D42A7A4FE400FA71F4 /* RandomSneakerCollectionViewCell.swift */ = {isa = PBXFileReference; lastKnownFileType = sourcecode.swift; path = RandomSneakerCollectionViewCell.swift; sourceTree = "<group>"; };
		B15DB4112A72CCAB00F27FDA /* HomeViewController.swift */ = {isa = PBXFileReference; lastKnownFileType = sourcecode.swift; path = HomeViewController.swift; sourceTree = "<group>"; };
		B15DB4172A72CD2900F27FDA /* ProfileViewController.swift */ = {isa = PBXFileReference; lastKnownFileType = sourcecode.swift; path = ProfileViewController.swift; sourceTree = "<group>"; };
		B1C06D7B2A82B20E000EBB37 /* ProductCollectionViewCell.swift */ = {isa = PBXFileReference; fileEncoding = 4; lastKnownFileType = sourcecode.swift; name = ProductCollectionViewCell.swift; path = ../../../../.Trash/ProductCollectionViewCell.swift; sourceTree = "<group>"; };
		B1C661AE2A77E5C600D0C56B /* SneakersAPI.json */ = {isa = PBXFileReference; fileEncoding = 4; lastKnownFileType = text.json; path = SneakersAPI.json; sourceTree = "<group>"; };
		B1C661B02A77E76E00D0C56B /* Sneaker.swift */ = {isa = PBXFileReference; lastKnownFileType = sourcecode.swift; path = Sneaker.swift; sourceTree = "<group>"; };
		B1C661B42A78121300D0C56B /* libboringssl.tbd */ = {isa = PBXFileReference; lastKnownFileType = "sourcecode.text-based-dylib-definition"; name = libboringssl.tbd; path = usr/lib/libboringssl.tbd; sourceTree = SDKROOT; };
		B1CA99DB2A711480001A2C75 /* AppDelegate.swift */ = {isa = PBXFileReference; lastKnownFileType = sourcecode.swift; path = AppDelegate.swift; sourceTree = "<group>"; };
		B1CA99DD2A711480001A2C75 /* SceneDelegate.swift */ = {isa = PBXFileReference; lastKnownFileType = sourcecode.swift; path = SceneDelegate.swift; sourceTree = "<group>"; };
		B1CA99E22A711480001A2C75 /* Base */ = {isa = PBXFileReference; lastKnownFileType = file.storyboard; name = Base; path = Base.lproj/Main.storyboard; sourceTree = "<group>"; };
		B1CA99E42A711483001A2C75 /* Assets.xcassets */ = {isa = PBXFileReference; lastKnownFileType = folder.assetcatalog; path = Assets.xcassets; sourceTree = "<group>"; };
		B1CA99E72A711483001A2C75 /* Base */ = {isa = PBXFileReference; lastKnownFileType = file.storyboard; name = Base; path = Base.lproj/LaunchScreen.storyboard; sourceTree = "<group>"; };
		B1CA99E92A711483001A2C75 /* Info.plist */ = {isa = PBXFileReference; lastKnownFileType = text.plist.xml; path = Info.plist; sourceTree = "<group>"; };
		B1EFC9742A7AC97C0092C876 /* CartViewController.swift */ = {isa = PBXFileReference; lastKnownFileType = sourcecode.swift; path = CartViewController.swift; sourceTree = "<group>"; };
		B1EFC9772A7AC9FF0092C876 /* AllProductsViewController.swift */ = {isa = PBXFileReference; lastKnownFileType = sourcecode.swift; path = AllProductsViewController.swift; sourceTree = "<group>"; };
/* End PBXFileReference section */

/* Begin PBXFrameworksBuildPhase section */
		B1CA99D52A711480001A2C75 /* Frameworks */ = {
			isa = PBXFrameworksBuildPhase;
			buildActionMask = 2147483647;
			files = (
				B1C661B72A78127300D0C56B /* Crypto in Frameworks */,
			);
			runOnlyForDeploymentPostprocessing = 0;
		};
/* End PBXFrameworksBuildPhase section */

/* Begin PBXGroup section */
		B12A07542A81595000181E3F /* DataManager */ = {
			isa = PBXGroup;
			children = (
				B1C661B02A77E76E00D0C56B /* Sneaker.swift */,
			);
			path = DataManager;
			sourceTree = "<group>";
		};
		B15616D62A7A539A00FA71F4 /* CollectionViewCell  */ = {
			isa = PBXGroup;
			children = (
				B146D76C2A79550500947873 /* SneakerCollectionViewCell.swift */,
				B15616D42A7A4FE400FA71F4 /* RandomSneakerCollectionViewCell.swift */,
			);
			path = "CollectionViewCell ";
			sourceTree = "<group>";
		};
		B15616D72A7A53B800FA71F4 /* Home  */ = {
			isa = PBXGroup;
			children = (
				B15DB4112A72CCAB00F27FDA /* HomeViewController.swift */,
				B146D76E2A79846B00947873 /* SneakerDetailViewController.swift */,
			);
			path = "Home ";
			sourceTree = "<group>";
		};
		B15616D92A7A540E00FA71F4 /* Settings */ = {
			isa = PBXGroup;
			children = (
				B15DB4172A72CD2900F27FDA /* ProfileViewController.swift */,
			);
			path = Settings;
			sourceTree = "<group>";
		};
		B1C661B32A78121200D0C56B /* Frameworks */ = {
			isa = PBXGroup;
			children = (
				B1C661B42A78121300D0C56B /* libboringssl.tbd */,
			);
			name = Frameworks;
			sourceTree = "<group>";
		};
		B1CA99CF2A711480001A2C75 = {
			isa = PBXGroup;
			children = (
				B1CA99DA2A711480001A2C75 /* Bricks'nKicks Store */,
				B1C661B32A78121200D0C56B /* Frameworks */,
			);
			sourceTree = "<group>";
		};
		B1CA99DA2A711480001A2C75 /* Bricks'nKicks Store */ = {
			isa = PBXGroup;
			children = (
				B1CA99DB2A711480001A2C75 /* AppDelegate.swift */,
				B1CA99DD2A711480001A2C75 /* SceneDelegate.swift */,
				B12A07542A81595000181E3F /* DataManager */,
				B15616D62A7A539A00FA71F4 /* CollectionViewCell  */,
				B15616D72A7A53B800FA71F4 /* Home  */,
				B1EFC9732A7AC90E0092C876 /* Products */,
				B1EFC9762A7AC9810092C876 /* Cart */,
				B15616D92A7A540E00FA71F4 /* Settings */,
				B1CA99E12A711480001A2C75 /* Main.storyboard */,
				B1CA99E62A711483001A2C75 /* LaunchScreen.storyboard */,
				B1CA99E42A711483001A2C75 /* Assets.xcassets */,
				B1CA99E92A711483001A2C75 /* Info.plist */,
				B1C661AE2A77E5C600D0C56B /* SneakersAPI.json */,
			);
			path = "Bricks'nKicks Store";
			sourceTree = "<group>";
		};
		B1EFC9732A7AC90E0092C876 /* Products */ = {
			isa = PBXGroup;
			children = (
				B1EFC9772A7AC9FF0092C876 /* AllProductsViewController.swift */,
				B1C06D7B2A82B20E000EBB37 /* ProductCollectionViewCell.swift */,
			);
			path = Products;
			sourceTree = "<group>";
		};
		B1EFC9762A7AC9810092C876 /* Cart */ = {
			isa = PBXGroup;
			children = (
				B1EFC9742A7AC97C0092C876 /* CartViewController.swift */,
			);
			path = Cart;
			sourceTree = "<group>";
		};
/* End PBXGroup section */

/* Begin PBXNativeTarget section */
		B1CA99D72A711480001A2C75 /* Bricks'nKicks Store */ = {
			isa = PBXNativeTarget;
			buildConfigurationList = B1CA99EC2A711483001A2C75 /* Build configuration list for PBXNativeTarget "Bricks'nKicks Store" */;
			buildPhases = (
				B1CA99D42A711480001A2C75 /* Sources */,
				B1CA99D52A711480001A2C75 /* Frameworks */,
				B1CA99D62A711480001A2C75 /* Resources */,
			);
			buildRules = (
			);
			dependencies = (
			);
			name = "Bricks'nKicks Store";
			packageProductDependencies = (
				B1C661B62A78127300D0C56B /* Crypto */,
			);
			productName = "Bricks'nKicks Store";
			productReference = B10CD3052A89416900B99CA8 /* Bricks'nKicks Store.app */;
			productType = "com.apple.product-type.application";
		};
/* End PBXNativeTarget section */

/* Begin PBXProject section */
		B1CA99D02A711480001A2C75 /* Project object */ = {
			isa = PBXProject;
			attributes = {
				BuildIndependentTargetsInParallel = 1;
				LastSwiftUpdateCheck = 1340;
				LastUpgradeCheck = 1340;
				TargetAttributes = {
					B1CA99D72A711480001A2C75 = {
						CreatedOnToolsVersion = 13.4.1;
						LastSwiftMigration = 1430;
					};
				};
			};
			buildConfigurationList = B1CA99D32A711480001A2C75 /* Build configuration list for PBXProject "Bricks'nKicks Store" */;
			compatibilityVersion = "Xcode 13.0";
			developmentRegion = en;
			hasScannedForEncodings = 0;
			knownRegions = (
				en,
				Base,
			);
			mainGroup = B1CA99CF2A711480001A2C75;
			packageReferences = (
				B1C661B52A78127300D0C56B /* XCRemoteSwiftPackageReference "swift-crypto" */,
			);
			productRefGroup = B1CA99CF2A711480001A2C75;
			projectDirPath = "";
			projectRoot = "";
			targets = (
				B1CA99D72A711480001A2C75 /* Bricks'nKicks Store */,
			);
		};
/* End PBXProject section */

/* Begin PBXResourcesBuildPhase section */
		B1CA99D62A711480001A2C75 /* Resources */ = {
			isa = PBXResourcesBuildPhase;
			buildActionMask = 2147483647;
			files = (
				B1CA99E82A711483001A2C75 /* LaunchScreen.storyboard in Resources */,
				B1CA99E52A711483001A2C75 /* Assets.xcassets in Resources */,
				B1C661AF2A77E5C600D0C56B /* SneakersAPI.json in Resources */,
				B1CA99E32A711480001A2C75 /* Main.storyboard in Resources */,
			);
			runOnlyForDeploymentPostprocessing = 0;
		};
/* End PBXResourcesBuildPhase section */

/* Begin PBXSourcesBuildPhase section */
		B1CA99D42A711480001A2C75 /* Sources */ = {
			isa = PBXSourcesBuildPhase;
			buildActionMask = 2147483647;
			files = (
				B1CA99DC2A711480001A2C75 /* AppDelegate.swift in Sources */,
				B1EFC9752A7AC97C0092C876 /* CartViewController.swift in Sources */,
				B15616D52A7A4FE400FA71F4 /* RandomSneakerCollectionViewCell.swift in Sources */,
				B146D76D2A79550500947873 /* SneakerCollectionViewCell.swift in Sources */,
				B1EFC9782A7AC9FF0092C876 /* AllProductsViewController.swift in Sources */,
				B146D76F2A79846B00947873 /* SneakerDetailViewController.swift in Sources */,
				B1C661B12A77E76E00D0C56B /* Sneaker.swift in Sources */,
				B15DB4182A72CD2900F27FDA /* ProfileViewController.swift in Sources */,
				B1CA99DE2A711480001A2C75 /* SceneDelegate.swift in Sources */,
				B1C06D7C2A82B20E000EBB37 /* ProductCollectionViewCell.swift in Sources */,
				B15DB4122A72CCAB00F27FDA /* HomeViewController.swift in Sources */,
			);
			runOnlyForDeploymentPostprocessing = 0;
		};
/* End PBXSourcesBuildPhase section */

/* Begin PBXVariantGroup section */
		B1CA99E12A711480001A2C75 /* Main.storyboard */ = {
			isa = PBXVariantGroup;
			children = (
				B1CA99E22A711480001A2C75 /* Base */,
			);
			name = Main.storyboard;
			sourceTree = "<group>";
		};
		B1CA99E62A711483001A2C75 /* LaunchScreen.storyboard */ = {
			isa = PBXVariantGroup;
			children = (
				B1CA99E72A711483001A2C75 /* Base */,
			);
			name = LaunchScreen.storyboard;
			sourceTree = "<group>";
		};
/* End PBXVariantGroup section */

/* Begin XCBuildConfiguration section */
		B1CA99EA2A711483001A2C75 /* Debug */ = {
			isa = XCBuildConfiguration;
			buildSettings = {
				ALWAYS_SEARCH_USER_PATHS = NO;
				CLANG_ANALYZER_NONNULL = YES;
				CLANG_ANALYZER_NUMBER_OBJECT_CONVERSION = YES_AGGRESSIVE;
				CLANG_CXX_LANGUAGE_STANDARD = "gnu++17";
				CLANG_ENABLE_MODULES = YES;
				CLANG_ENABLE_OBJC_ARC = YES;
				CLANG_ENABLE_OBJC_WEAK = YES;
				CLANG_WARN_BLOCK_CAPTURE_AUTORELEASING = YES;
				CLANG_WARN_BOOL_CONVERSION = YES;
				CLANG_WARN_COMMA = YES;
				CLANG_WARN_CONSTANT_CONVERSION = YES;
				CLANG_WARN_DEPRECATED_OBJC_IMPLEMENTATIONS = YES;
				CLANG_WARN_DIRECT_OBJC_ISA_USAGE = YES_ERROR;
				CLANG_WARN_DOCUMENTATION_COMMENTS = YES;
				CLANG_WARN_EMPTY_BODY = YES;
				CLANG_WARN_ENUM_CONVERSION = YES;
				CLANG_WARN_INFINITE_RECURSION = YES;
				CLANG_WARN_INT_CONVERSION = YES;
				CLANG_WARN_NON_LITERAL_NULL_CONVERSION = YES;
				CLANG_WARN_OBJC_IMPLICIT_RETAIN_SELF = YES;
				CLANG_WARN_OBJC_LITERAL_CONVERSION = YES;
				CLANG_WARN_OBJC_ROOT_CLASS = YES_ERROR;
				CLANG_WARN_QUOTED_INCLUDE_IN_FRAMEWORK_HEADER = YES;
				CLANG_WARN_RANGE_LOOP_ANALYSIS = YES;
				CLANG_WARN_STRICT_PROTOTYPES = YES;
				CLANG_WARN_SUSPICIOUS_MOVE = YES;
				CLANG_WARN_UNGUARDED_AVAILABILITY = YES_AGGRESSIVE;
				CLANG_WARN_UNREACHABLE_CODE = YES;
				CLANG_WARN__DUPLICATE_METHOD_MATCH = YES;
				COPY_PHASE_STRIP = NO;
				DEBUG_INFORMATION_FORMAT = dwarf;
				ENABLE_STRICT_OBJC_MSGSEND = YES;
				ENABLE_TESTABILITY = YES;
				GCC_C_LANGUAGE_STANDARD = gnu11;
				GCC_DYNAMIC_NO_PIC = NO;
				GCC_NO_COMMON_BLOCKS = YES;
				GCC_OPTIMIZATION_LEVEL = 0;
				GCC_PREPROCESSOR_DEFINITIONS = (
					"DEBUG=1",
					"$(inherited)",
				);
				GCC_WARN_64_TO_32_BIT_CONVERSION = YES;
				GCC_WARN_ABOUT_RETURN_TYPE = YES_ERROR;
				GCC_WARN_UNDECLARED_SELECTOR = YES;
				GCC_WARN_UNINITIALIZED_AUTOS = YES_AGGRESSIVE;
				GCC_WARN_UNUSED_FUNCTION = YES;
				GCC_WARN_UNUSED_VARIABLE = YES;
				IPHONEOS_DEPLOYMENT_TARGET = 15.5;
				MTL_ENABLE_DEBUG_INFO = INCLUDE_SOURCE;
				MTL_FAST_MATH = YES;
				ONLY_ACTIVE_ARCH = YES;
				SDKROOT = iphoneos;
				SWIFT_ACTIVE_COMPILATION_CONDITIONS = DEBUG;
				SWIFT_OPTIMIZATION_LEVEL = "-Onone";
			};
			name = Debug;
		};
		B1CA99EB2A711483001A2C75 /* Release */ = {
			isa = XCBuildConfiguration;
			buildSettings = {
				ALWAYS_SEARCH_USER_PATHS = NO;
				CLANG_ANALYZER_NONNULL = YES;
				CLANG_ANALYZER_NUMBER_OBJECT_CONVERSION = YES_AGGRESSIVE;
				CLANG_CXX_LANGUAGE_STANDARD = "gnu++17";
				CLANG_ENABLE_MODULES = YES;
				CLANG_ENABLE_OBJC_ARC = YES;
				CLANG_ENABLE_OBJC_WEAK = YES;
				CLANG_WARN_BLOCK_CAPTURE_AUTORELEASING = YES;
				CLANG_WARN_BOOL_CONVERSION = YES;
				CLANG_WARN_COMMA = YES;
				CLANG_WARN_CONSTANT_CONVERSION = YES;
				CLANG_WARN_DEPRECATED_OBJC_IMPLEMENTATIONS = YES;
				CLANG_WARN_DIRECT_OBJC_ISA_USAGE = YES_ERROR;
				CLANG_WARN_DOCUMENTATION_COMMENTS = YES;
				CLANG_WARN_EMPTY_BODY = YES;
				CLANG_WARN_ENUM_CONVERSION = YES;
				CLANG_WARN_INFINITE_RECURSION = YES;
				CLANG_WARN_INT_CONVERSION = YES;
				CLANG_WARN_NON_LITERAL_NULL_CONVERSION = YES;
				CLANG_WARN_OBJC_IMPLICIT_RETAIN_SELF = YES;
				CLANG_WARN_OBJC_LITERAL_CONVERSION = YES;
				CLANG_WARN_OBJC_ROOT_CLASS = YES_ERROR;
				CLANG_WARN_QUOTED_INCLUDE_IN_FRAMEWORK_HEADER = YES;
				CLANG_WARN_RANGE_LOOP_ANALYSIS = YES;
				CLANG_WARN_STRICT_PROTOTYPES = YES;
				CLANG_WARN_SUSPICIOUS_MOVE = YES;
				CLANG_WARN_UNGUARDED_AVAILABILITY = YES_AGGRESSIVE;
				CLANG_WARN_UNREACHABLE_CODE = YES;
				CLANG_WARN__DUPLICATE_METHOD_MATCH = YES;
				COPY_PHASE_STRIP = NO;
				DEBUG_INFORMATION_FORMAT = "dwarf-with-dsym";
				ENABLE_NS_ASSERTIONS = NO;
				ENABLE_STRICT_OBJC_MSGSEND = YES;
				GCC_C_LANGUAGE_STANDARD = gnu11;
				GCC_NO_COMMON_BLOCKS = YES;
				GCC_WARN_64_TO_32_BIT_CONVERSION = YES;
				GCC_WARN_ABOUT_RETURN_TYPE = YES_ERROR;
				GCC_WARN_UNDECLARED_SELECTOR = YES;
				GCC_WARN_UNINITIALIZED_AUTOS = YES_AGGRESSIVE;
				GCC_WARN_UNUSED_FUNCTION = YES;
				GCC_WARN_UNUSED_VARIABLE = YES;
				IPHONEOS_DEPLOYMENT_TARGET = 15.5;
				MTL_ENABLE_DEBUG_INFO = NO;
				MTL_FAST_MATH = YES;
				SDKROOT = iphoneos;
				SWIFT_COMPILATION_MODE = wholemodule;
				SWIFT_OPTIMIZATION_LEVEL = "-O";
				VALIDATE_PRODUCT = YES;
			};
			name = Release;
		};
		B1CA99ED2A711483001A2C75 /* Debug */ = {
			isa = XCBuildConfiguration;
			buildSettings = {
				ASSETCATALOG_COMPILER_APPICON_NAME = AppIcon;
				ASSETCATALOG_COMPILER_GLOBAL_ACCENT_COLOR_NAME = AccentColor;
				CLANG_ENABLE_MODULES = YES;
				CODE_SIGN_STYLE = Automatic;
				CURRENT_PROJECT_VERSION = 1;
				DEVELOPMENT_TEAM = A8MXHZVCWN;
				GENERATE_INFOPLIST_FILE = YES;
				INFOPLIST_FILE = "Bricks'nKicks Store/Info.plist";
				INFOPLIST_KEY_LSApplicationCategoryType = "public.app-category.shopping";
				INFOPLIST_KEY_UIApplicationSupportsIndirectInputEvents = YES;
				INFOPLIST_KEY_UILaunchStoryboardName = LaunchScreen;
				INFOPLIST_KEY_UIMainStoryboardFile = Main;
				INFOPLIST_KEY_UISupportedInterfaceOrientations_iPad = "UIInterfaceOrientationPortrait UIInterfaceOrientationPortraitUpsideDown UIInterfaceOrientationLandscapeLeft UIInterfaceOrientationLandscapeRight";
				INFOPLIST_KEY_UISupportedInterfaceOrientations_iPhone = "UIInterfaceOrientationPortrait UIInterfaceOrientationLandscapeLeft UIInterfaceOrientationLandscapeRight";
				LD_RUNPATH_SEARCH_PATHS = (
					"$(inherited)",
					"@executable_path/Frameworks",
				);
				MARKETING_VERSION = 1.0;
				PRODUCT_BUNDLE_IDENTIFIER = "com.stanCiprian.Bricks-nKicks-Store";
				PRODUCT_NAME = "$(TARGET_NAME)";
				SWIFT_EMIT_LOC_STRINGS = YES;
				SWIFT_OBJC_BRIDGING_HEADER = "Bricks'nKicks Store/Favorites/Bricks'nKicks Store-Bridging-Header.h";
				SWIFT_OPTIMIZATION_LEVEL = "-Onone";
				SWIFT_VERSION = 5.0;
				TARGETED_DEVICE_FAMILY = "1,2";
			};
			name = Debug;
		};
		B1CA99EE2A711483001A2C75 /* Release */ = {
			isa = XCBuildConfiguration;
			buildSettings = {
				ASSETCATALOG_COMPILER_APPICON_NAME = AppIcon;
				ASSETCATALOG_COMPILER_GLOBAL_ACCENT_COLOR_NAME = AccentColor;
				CLANG_ENABLE_MODULES = YES;
				CODE_SIGN_STYLE = Automatic;
				CURRENT_PROJECT_VERSION = 1;
				DEVELOPMENT_TEAM = A8MXHZVCWN;
				GENERATE_INFOPLIST_FILE = YES;
				INFOPLIST_FILE = "Bricks'nKicks Store/Info.plist";
				INFOPLIST_KEY_LSApplicationCategoryType = "public.app-category.shopping";
				INFOPLIST_KEY_UIApplicationSupportsIndirectInputEvents = YES;
				INFOPLIST_KEY_UILaunchStoryboardName = LaunchScreen;
				INFOPLIST_KEY_UIMainStoryboardFile = Main;
				INFOPLIST_KEY_UISupportedInterfaceOrientations_iPad = "UIInterfaceOrientationPortrait UIInterfaceOrientationPortraitUpsideDown UIInterfaceOrientationLandscapeLeft UIInterfaceOrientationLandscapeRight";
				INFOPLIST_KEY_UISupportedInterfaceOrientations_iPhone = "UIInterfaceOrientationPortrait UIInterfaceOrientationLandscapeLeft UIInterfaceOrientationLandscapeRight";
				LD_RUNPATH_SEARCH_PATHS = (
					"$(inherited)",
					"@executable_path/Frameworks",
				);
				MARKETING_VERSION = 1.0;
				PRODUCT_BUNDLE_IDENTIFIER = "com.stanCiprian.Bricks-nKicks-Store";
				PRODUCT_NAME = "$(TARGET_NAME)";
				SWIFT_EMIT_LOC_STRINGS = YES;
				SWIFT_OBJC_BRIDGING_HEADER = "Bricks'nKicks Store/Favorites/Bricks'nKicks Store-Bridging-Header.h";
				SWIFT_VERSION = 5.0;
				TARGETED_DEVICE_FAMILY = "1,2";
			};
			name = Release;
		};
/* End XCBuildConfiguration section */

/* Begin XCConfigurationList section */
		B1CA99D32A711480001A2C75 /* Build configuration list for PBXProject "Bricks'nKicks Store" */ = {
			isa = XCConfigurationList;
			buildConfigurations = (
				B1CA99EA2A711483001A2C75 /* Debug */,
				B1CA99EB2A711483001A2C75 /* Release */,
			);
			defaultConfigurationIsVisible = 0;
			defaultConfigurationName = Release;
		};
		B1CA99EC2A711483001A2C75 /* Build configuration list for PBXNativeTarget "Bricks'nKicks Store" */ = {
			isa = XCConfigurationList;
			buildConfigurations = (
				B1CA99ED2A711483001A2C75 /* Debug */,
				B1CA99EE2A711483001A2C75 /* Release */,
			);
			defaultConfigurationIsVisible = 0;
			defaultConfigurationName = Release;
		};
/* End XCConfigurationList section */

/* Begin XCRemoteSwiftPackageReference section */
		B1C661B52A78127300D0C56B /* XCRemoteSwiftPackageReference "swift-crypto" */ = {
			isa = XCRemoteSwiftPackageReference;
			repositoryURL = "https://github.com/apple/swift-crypto.git";
			requirement = {
				kind = upToNextMajorVersion;
				minimumVersion = 2.0.0;
			};
		};
/* End XCRemoteSwiftPackageReference section */

/* Begin XCSwiftPackageProductDependency section */
		B1C661B62A78127300D0C56B /* Crypto */ = {
			isa = XCSwiftPackageProductDependency;
			package = B1C661B52A78127300D0C56B /* XCRemoteSwiftPackageReference "swift-crypto" */;
			productName = Crypto;
		};
/* End XCSwiftPackageProductDependency section */
	};
	rootObject = B1CA99D02A711480001A2C75 /* Project object */;
}
